
Microsoft Visual Studio Solution File, Format Version 12.00
# Visual Studio 15
VisualStudioVersion = 15.0.28010.2016
MinimumVisualStudioVersion = 10.0.40219.1
Project("{8BC9CEB8-8B4A-11D0-8D11-00A0C91BC942}") = "사칙연산2", "사칙연산2\사칙연산2.vcxproj", "{46DC747B-CDF2-421C-9805-4D3DD0DBA3DD}"
EndProject
Global
	GlobalSection(SolutionConfigurationPlatforms) = preSolution
		Debug|x64 = Debug|x64
		Debug|x86 = Debug|x86
		Release|x64 = Release|x64
		Release|x86 = Release|x86
	EndGlobalSection
	GlobalSection(ProjectConfigurationPlatforms) = postSolution
		{46DC747B-CDF2-421C-9805-4D3DD0DBA3DD}.Debug|x64.ActiveCfg = Debug|x64
		{46DC747B-CDF2-421C-9805-4D3DD0DBA3DD}.Debug|x64.Build.0 = Debug|x64
		{46DC747B-CDF2-421C-9805-4D3DD0DBA3DD}.Debug|x86.ActiveCfg = Debug|Win32
		{46DC747B-CDF2-421C-9805-4D3DD0DBA3DD}.Debug|x86.Build.0 = Debug|Win32
		{46DC747B-CDF2-421C-9805-4D3DD0DBA3DD}.Release|x64.ActiveCfg = Release|x64
		{46DC747B-CDF2-421C-9805-4D3DD0DBA3DD}.Release|x64.Build.0 = Release|x64
		{46DC747B-CDF2-421C-9805-4D3DD0DBA3DD}.Release|x86.ActiveCfg = Release|Win32
		{46DC747B-CDF2-421C-9805-4D3DD0DBA3DD}.Release|x86.Build.0 = Release|Win32
	EndGlobalSection
	GlobalSection(SolutionProperties) = preSolution
		HideSolutionNode = FALSE
	EndGlobalSection
	GlobalSection(ExtensibilityGlobals) = postSolution
		SolutionGuid = {25048B0B-7388-453A-9983-9C9E055B8ACB}
	EndGlobalSection
EndGlobal
